
Microsoft Visual Studio Solution File, Format Version 12.00
# Visual Studio Version 16
VisualStudioVersion = 16.0.29905.134
MinimumVisualStudioVersion = 10.0.40219.1
Project("{FAE04EC0-301F-11D3-BF4B-00C04F79EFBC}") = "GrpcGreeterClient", "GrpcGreeterClient.csproj", "{9DCACAD2-E1F9-475B-836E-CDF5FBE2C08F}"
EndProject
Global
	GlobalSection(SolutionConfigurationPlatforms) = preSolution
		Debug|Any CPU = Debug|Any CPU
		Release|Any CPU = Release|Any CPU
	EndGlobalSection
	GlobalSection(ProjectConfigurationPlatforms) = postSolution
		{9DCACAD2-E1F9-475B-836E-CDF5FBE2C08F}.Debug|Any CPU.ActiveCfg = Debug|Any CPU
		{9DCACAD2-E1F9-475B-836E-CDF5FBE2C08F}.Debug|Any CPU.Build.0 = Debug|Any CPU
		{9DCACAD2-E1F9-475B-836E-CDF5FBE2C08F}.Release|Any CPU.ActiveCfg = Release|Any CPU
		{9DCACAD2-E1F9-475B-836E-CDF5FBE2C08F}.Release|Any CPU.Build.0 = Release|Any CPU
	EndGlobalSection
	GlobalSection(SolutionProperties) = preSolution
		HideSolutionNode = FALSE
	EndGlobalSection
	GlobalSection(ExtensibilityGlobals) = postSolution
		SolutionGuid = {1CC4A325-0E17-4671-AE6D-DACCE09C2106}
	EndGlobalSection
EndGlobal
